
Microsoft Visual Studio Solution File, Format Version 12.00
# Visual Studio Version 16
VisualStudioVersion = 16.0.30413.136
MinimumVisualStudioVersion = 10.0.40219.1
Project("{FAE04EC0-301F-11D3-BF4B-00C04F79EFBC}") = "CourseLibraryAPI", "CourseLibraryAPI\CourseLibraryAPI.csproj", "{5901B5AB-67FA-46A4-AB0A-A92BC269B2C5}"
EndProject
Global
	GlobalSection(SolutionConfigurationPlatforms) = preSolution
		Debug|Any CPU = Debug|Any CPU
		Release|Any CPU = Release|Any CPU
	EndGlobalSection
	GlobalSection(ProjectConfigurationPlatforms) = postSolution
		{5901B5AB-67FA-46A4-AB0A-A92BC269B2C5}.Debug|Any CPU.ActiveCfg = Debug|Any CPU
		{5901B5AB-67FA-46A4-AB0A-A92BC269B2C5}.Debug|Any CPU.Build.0 = Debug|Any CPU
		{5901B5AB-67FA-46A4-AB0A-A92BC269B2C5}.Release|Any CPU.ActiveCfg = Release|Any CPU
		{5901B5AB-67FA-46A4-AB0A-A92BC269B2C5}.Release|Any CPU.Build.0 = Release|Any CPU
	EndGlobalSection
	GlobalSection(SolutionProperties) = preSolution
		HideSolutionNode = FALSE
	EndGlobalSection
	GlobalSection(ExtensibilityGlobals) = postSolution
		SolutionGuid = {E29949FD-2308-4EBA-8CC4-0B947D40CFE6}
	EndGlobalSection
EndGlobal
